
Microsoft Visual Studio Solution File, Format Version 12.00
# Visual Studio Version 17
VisualStudioVersion = 17.0.31903.59
MinimumVisualStudioVersion = 10.0.40219.1
Project("{2150E333-8FDC-42A3-9474-1A3956D46DE8}") = "src", "src", "{827E0CD3-B72D-47B6-A68D-7590B98EB39B}"
EndProject
Project("{FAE04EC0-301F-11D3-BF4B-00C04F79EFBC}") = "DLD.DroidGuard.Core", "src\DLD.DroidGuard.Core\DLD.DroidGuard.Core.csproj", "{E5BAAD73-38F3-4F61-A976-51B2B4715FEB}"
EndProject
Project("{FAE04EC0-301F-11D3-BF4B-00C04F79EFBC}") = "DLD.DroidGuard.Adb", "src\DLD.DroidGuard.Adb\DLD.DroidGuard.Adb.csproj", "{AE1DBF04-6704-448D-8016-F4DA24D31C59}"
EndProject
Project("{FAE04EC0-301F-11D3-BF4B-00C04F79EFBC}") = "DLD.DroidGuard.Infrastructure", "src\DLD.DroidGuard.Infrastructure\DLD.DroidGuard.Infrastructure.csproj", "{3188C6E4-4931-4E15-9780-147E8457A6FE}"
EndProject
Project("{FAE04EC0-301F-11D3-BF4B-00C04F79EFBC}") = "DLD.DroidGuard.App", "src\DLD.DroidGuard.App\DLD.DroidGuard.App.csproj", "{6F81F7C1-C8D8-4AED-81A0-FDC96914647B}"
EndProject
Project("{2150E333-8FDC-42A3-9474-1A3956D46DE8}") = "tests", "tests", "{0AB3BF05-4346-4AA6-1389-037BE0695223}"
EndProject
Project("{FAE04EC0-301F-11D3-BF4B-00C04F79EFBC}") = "DLD.DroidGuard.Tests", "tests\DLD.DroidGuard.Tests\DLD.DroidGuard.Tests.csproj", "{48F65CB0-17C7-41A6-AA32-2AD6D694C848}"
EndProject
Global
	GlobalSection(SolutionConfigurationPlatforms) = preSolution
		Debug|Any CPU = Debug|Any CPU
		Debug|x64 = Debug|x64
		Debug|x86 = Debug|x86
		Release|Any CPU = Release|Any CPU
		Release|x64 = Release|x64
		Release|x86 = Release|x86
	EndGlobalSection
	GlobalSection(ProjectConfigurationPlatforms) = postSolution
		{E5BAAD73-38F3-4F61-A976-51B2B4715FEB}.Debug|Any CPU.ActiveCfg = Debug|Any CPU
		{E5BAAD73-38F3-4F61-A976-51B2B4715FEB}.Debug|Any CPU.Build.0 = Debug|Any CPU
		{E5BAAD73-38F3-4F61-A976-51B2B4715FEB}.Debug|x64.ActiveCfg = Debug|Any CPU
		{E5BAAD73-38F3-4F61-A976-51B2B4715FEB}.Debug|x64.Build.0 = Debug|Any CPU
		{E5BAAD73-38F3-4F61-A976-51B2B4715FEB}.Debug|x86.ActiveCfg = Debug|Any CPU
		{E5BAAD73-38F3-4F61-A976-51B2B4715FEB}.Debug|x86.Build.0 = Debug|Any CPU
		{E5BAAD73-38F3-4F61-A976-51B2B4715FEB}.Release|Any CPU.ActiveCfg = Release|Any CPU
		{E5BAAD73-38F3-4F61-A976-51B2B4715FEB}.Release|Any CPU.Build.0 = Release|Any CPU
		{E5BAAD73-38F3-4F61-A976-51B2B4715FEB}.Release|x64.ActiveCfg = Release|Any CPU
		{E5BAAD73-38F3-4F61-A976-51B2B4715FEB}.Release|x64.Build.0 = Release|Any CPU
		{E5BAAD73-38F3-4F61-A976-51B2B4715FEB}.Release|x86.ActiveCfg = Release|Any CPU
		{E5BAAD73-38F3-4F61-A976-51B2B4715FEB}.Release|x86.Build.0 = Release|Any CPU
		{AE1DBF04-6704-448D-8016-F4DA24D31C59}.Debug|Any CPU.ActiveCfg = Debug|Any CPU
		{AE1DBF04-6704-448D-8016-F4DA24D31C59}.Debug|Any CPU.Build.0 = Debug|Any CPU
		{AE1DBF04-6704-448D-8016-F4DA24D31C59}.Debug|x64.ActiveCfg = Debug|Any CPU
		{AE1DBF04-6704-448D-8016-F4DA24D31C59}.Debug|x64.Build.0 = Debug|Any CPU
		{AE1DBF04-6704-448D-8016-F4DA24D31C59}.Debug|x86.ActiveCfg = Debug|Any CPU
		{AE1DBF04-6704-448D-8016-F4DA24D31C59}.Debug|x86.Build.0 = Debug|Any CPU
		{AE1DBF04-6704-448D-8016-F4DA24D31C59}.Release|Any CPU.ActiveCfg = Release|Any CPU
		{AE1DBF04-6704-448D-8016-F4DA24D31C59}.Release|Any CPU.Build.0 = Release|Any CPU
		{AE1DBF04-6704-448D-8016-F4DA24D31C59}.Release|x64.ActiveCfg = Release|Any CPU
		{AE1DBF04-6704-448D-8016-F4DA24D31C59}.Release|x64.Build.0 = Release|Any CPU
		{AE1DBF04-6704-448D-8016-F4DA24D31C59}.Release|x86.ActiveCfg = Release|Any CPU
		{AE1DBF04-6704-448D-8016-F4DA24D31C59}.Release|x86.Build.0 = Release|Any CPU
		{3188C6E4-4931-4E15-9780-147E8457A6FE}.Debug|Any CPU.ActiveCfg = Debug|Any CPU
		{3188C6E4-4931-4E15-9780-147E8457A6FE}.Debug|Any CPU.Build.0 = Debug|Any CPU
		{3188C6E4-4931-4E15-9780-147E8457A6FE}.Debug|x64.ActiveCfg = Debug|Any CPU
		{3188C6E4-4931-4E15-9780-147E8457A6FE}.Debug|x64.Build.0 = Debug|Any CPU
		{3188C6E4-4931-4E15-9780-147E8457A6FE}.Debug|x86.ActiveCfg = Debug|Any CPU
		{3188C6E4-4931-4E15-9780-147E8457A6FE}.Debug|x86.Build.0 = Debug|Any CPU
		{3188C6E4-4931-4E15-9780-147E8457A6FE}.Release|Any CPU.ActiveCfg = Release|Any CPU
		{3188C6E4-4931-4E15-9780-147E8457A6FE}.Release|Any CPU.Build.0 = Release|Any CPU
		{3188C6E4-4931-4E15-9780-147E8457A6FE}.Release|x64.ActiveCfg = Release|Any CPU
		{3188C6E4-4931-4E15-9780-147E8457A6FE}.Release|x64.Build.0 = Release|Any CPU
		{3188C6E4-4931-4E15-9780-147E8457A6FE}.Release|x86.ActiveCfg = Release|Any CPU
		{3188C6E4-4931-4E15-9780-147E8457A6FE}.Release|x86.Build.0 = Release|Any CPU
		{6F81F7C1-C8D8-4AED-81A0-FDC96914647B}.Debug|Any CPU.ActiveCfg = Debug|Any CPU
		{6F81F7C1-C8D8-4AED-81A0-FDC96914647B}.Debug|Any CPU.Build.0 = Debug|Any CPU
		{6F81F7C1-C8D8-4AED-81A0-FDC96914647B}.Debug|x64.ActiveCfg = Debug|Any CPU
		{6F81F7C1-C8D8-4AED-81A0-FDC96914647B}.Debug|x64.Build.0 = Debug|Any CPU
		{6F81F7C1-C8D8-4AED-81A0-FDC96914647B}.Debug|x86.ActiveCfg = Debug|Any CPU
		{6F81F7C1-C8D8-4AED-81A0-FDC96914647B}.Debug|x86.Build.0 = Debug|Any CPU
		{6F81F7C1-C8D8-4AED-81A0-FDC96914647B}.Release|Any CPU.ActiveCfg = Release|Any CPU
		{6F81F7C1-C8D8-4AED-81A0-FDC96914647B}.Release|Any CPU.Build.0 = Release|Any CPU
		{6F81F7C1-C8D8-4AED-81A0-FDC96914647B}.Release|x64.ActiveCfg = Release|Any CPU
		{6F81F7C1-C8D8-4AED-81A0-FDC96914647B}.Release|x64.Build.0 = Release|Any CPU
		{6F81F7C1-C8D8-4AED-81A0-FDC96914647B}.Release|x86.ActiveCfg = Release|Any CPU
		{6F81F7C1-C8D8-4AED-81A0-FDC96914647B}.Release|x86.Build.0 = Release|Any CPU
		{48F65CB0-17C7-41A6-AA32-2AD6D694C848}.Debug|Any CPU.ActiveCfg = Debug|Any CPU
		{48F65CB0-17C7-41A6-AA32-2AD6D694C848}.Debug|Any CPU.Build.0 = Debug|Any CPU
		{48F65CB0-17C7-41A6-AA32-2AD6D694C848}.Debug|x64.ActiveCfg = Debug|Any CPU
		{48F65CB0-17C7-41A6-AA32-2AD6D694C848}.Debug|x64.Build.0 = Debug|Any CPU
		{48F65CB0-17C7-41A6-AA32-2AD6D694C848}.Debug|x86.ActiveCfg = Debug|Any CPU
		{48F65CB0-17C7-41A6-AA32-2AD6D694C848}.Debug|x86.Build.0 = Debug|Any CPU
		{48F65CB0-17C7-41A6-AA32-2AD6D694C848}.Release|Any CPU.ActiveCfg = Release|Any CPU
		{48F65CB0-17C7-41A6-AA32-2AD6D694C848}.Release|Any CPU.Build.0 = Release|Any CPU
		{48F65CB0-17C7-41A6-AA32-2AD6D694C848}.Release|x64.ActiveCfg = Release|Any CPU
		{48F65CB0-17C7-41A6-AA32-2AD6D694C848}.Release|x64.Build.0 = Release|Any CPU
		{48F65CB0-17C7-41A6-AA32-2AD6D694C848}.Release|x86.ActiveCfg = Release|Any CPU
		{48F65CB0-17C7-41A6-AA32-2AD6D694C848}.Release|x86.Build.0 = Release|Any CPU
	EndGlobalSection
	GlobalSection(SolutionProperties) = preSolution
		HideSolutionNode = FALSE
	EndGlobalSection
	GlobalSection(NestedProjects) = preSolution
		{E5BAAD73-38F3-4F61-A976-51B2B4715FEB} = {827E0CD3-B72D-47B6-A68D-7590B98EB39B}
		{AE1DBF04-6704-448D-8016-F4DA24D31C59} = {827E0CD3-B72D-47B6-A68D-7590B98EB39B}
		{3188C6E4-4931-4E15-9780-147E8457A6FE} = {827E0CD3-B72D-47B6-A68D-7590B98EB39B}
		{6F81F7C1-C8D8-4AED-81A0-FDC96914647B} = {827E0CD3-B72D-47B6-A68D-7590B98EB39B}
		{48F65CB0-17C7-41A6-AA32-2AD6D694C848} = {0AB3BF05-4346-4AA6-1389-037BE0695223}
	EndGlobalSection
EndGlobal
